
Microsoft Visual Studio Solution File, Format Version 10.00
# Visual Studio 2008
Project("{8BC9CEB8-8B4A-11D0-8D11-00A0C91BC942}") = "protonet", "protonet\protonet.vcproj", "{447E89A7-FAEA-4961-A98F-4E51F17EC4D7}"
EndProject
Project("{8BC9CEB8-8B4A-11D0-8D11-00A0C91BC942}") = "client", "client\client.vcproj", "{F90AF8EF-A911-4027-9ED3-83F6F97FF7CB}"
	ProjectSection(ProjectDependencies) = postProject
		{447E89A7-FAEA-4961-A98F-4E51F17EC4D7} = {447E89A7-FAEA-4961-A98F-4E51F17EC4D7}
	EndProjectSection
EndProject
Project("{8BC9CEB8-8B4A-11D0-8D11-00A0C91BC942}") = "server", "server\server.vcproj", "{B6E1418C-3693-4D39-BF02-ABC6245DD55F}"
	ProjectSection(ProjectDependencies) = postProject
		{447E89A7-FAEA-4961-A98F-4E51F17EC4D7} = {447E89A7-FAEA-4961-A98F-4E51F17EC4D7}
	EndProjectSection
EndProject
Global
	GlobalSection(SolutionConfigurationPlatforms) = preSolution
		Debug|Win32 = Debug|Win32
		Release|Win32 = Release|Win32
	EndGlobalSection
	GlobalSection(ProjectConfigurationPlatforms) = postSolution
		{447E89A7-FAEA-4961-A98F-4E51F17EC4D7}.Debug|Win32.ActiveCfg = Debug|Win32
		{447E89A7-FAEA-4961-A98F-4E51F17EC4D7}.Debug|Win32.Build.0 = Debug|Win32
		{447E89A7-FAEA-4961-A98F-4E51F17EC4D7}.Release|Win32.ActiveCfg = Release|Win32
		{447E89A7-FAEA-4961-A98F-4E51F17EC4D7}.Release|Win32.Build.0 = Release|Win32
		{F90AF8EF-A911-4027-9ED3-83F6F97FF7CB}.Debug|Win32.ActiveCfg = Debug|Win32
		{F90AF8EF-A911-4027-9ED3-83F6F97FF7CB}.Debug|Win32.Build.0 = Debug|Win32
		{F90AF8EF-A911-4027-9ED3-83F6F97FF7CB}.Release|Win32.ActiveCfg = Release|Win32
		{F90AF8EF-A911-4027-9ED3-83F6F97FF7CB}.Release|Win32.Build.0 = Release|Win32
		{B6E1418C-3693-4D39-BF02-ABC6245DD55F}.Debug|Win32.ActiveCfg = Debug|Win32
		{B6E1418C-3693-4D39-BF02-ABC6245DD55F}.Debug|Win32.Build.0 = Debug|Win32
		{B6E1418C-3693-4D39-BF02-ABC6245DD55F}.Release|Win32.ActiveCfg = Release|Win32
		{B6E1418C-3693-4D39-BF02-ABC6245DD55F}.Release|Win32.Build.0 = Release|Win32
	EndGlobalSection
	GlobalSection(SolutionProperties) = preSolution
		HideSolutionNode = FALSE
	EndGlobalSection
EndGlobal
